// !$*UTF8*$!
{
	archiveVersion = 1;
	classes = {
	};
	objectVersion = 56;
	objects = {

/* Begin PBXBuildFile section */
		D52DFDA12C090FD8000E6B22 /* SHOPSAGEApp.swift in Sources */ = {isa = PBXBuildFile; fileRef = D52DFDA02C090FD8000E6B22 /* SHOPSAGEApp.swift */; };
		D52DFDA32C090FD8000E6B22 /* ContentView.swift in Sources */ = {isa = PBXBuildFile; fileRef = D52DFDA22C090FD8000E6B22 /* ContentView.swift */; };
		D52DFDA52C090FDA000E6B22 /* Assets.xcassets in Resources */ = {isa = PBXBuildFile; fileRef = D52DFDA42C090FDA000E6B22 /* Assets.xcassets */; };
		D52DFDA82C090FDA000E6B22 /* Preview Assets.xcassets in Resources */ = {isa = PBXBuildFile; fileRef = D52DFDA72C090FDA000E6B22 /* Preview Assets.xcassets */; };
		D52DFDAF2C09128E000E6B22 /* Model.swift in Sources */ = {isa = PBXBuildFile; fileRef = D52DFDAE2C09128E000E6B22 /* Model.swift */; };
		D52DFDB12C0912A3000E6B22 /* ContentViewModel.swift in Sources */ = {isa = PBXBuildFile; fileRef = D52DFDB02C0912A3000E6B22 /* ContentViewModel.swift */; };
		D52DFDB32C0912B5000E6B22 /* Network.swift in Sources */ = {isa = PBXBuildFile; fileRef = D52DFDB22C0912B5000E6B22 /* Network.swift */; };
		D52DFDB72C091E0A000E6B22 /* Heavitas.ttf in Resources */ = {isa = PBXBuildFile; fileRef = D52DFDB62C091E0A000E6B22 /* Heavitas.ttf */; };
		D52DFDB92C09214A000E6B22 /* Gelline.otf in Resources */ = {isa = PBXBuildFile; fileRef = D52DFDB82C09214A000E6B22 /* Gelline.otf */; };
		D52DFDBF2C09267C000E6B22 /* ImageSliderTabView.swift in Sources */ = {isa = PBXBuildFile; fileRef = D52DFDBE2C09267C000E6B22 /* ImageSliderTabView.swift */; };
		D54D7CA02C09B83600C717B3 /* ProductView.swift in Sources */ = {isa = PBXBuildFile; fileRef = D54D7C9F2C09B83600C717B3 /* ProductView.swift */; };
		D54D7CA42C09BFA700C717B3 /* HomeView.swift in Sources */ = {isa = PBXBuildFile; fileRef = D54D7CA32C09BFA700C717B3 /* HomeView.swift */; };
		D54D7CA62C09F08600C717B3 /* ProductVw.swift in Sources */ = {isa = PBXBuildFile; fileRef = D54D7CA52C09F08600C717B3 /* ProductVw.swift */; };
/* End PBXBuildFile section */

/* Begin PBXFileReference section */
		D52DFD9D2C090FD8000E6B22 /* SHOPSAGE.app */ = {isa = PBXFileReference; explicitFileType = wrapper.application; includeInIndex = 0; path = SHOPSAGE.app; sourceTree = BUILT_PRODUCTS_DIR; };
		D52DFDA02C090FD8000E6B22 /* SHOPSAGEApp.swift */ = {isa = PBXFileReference; lastKnownFileType = sourcecode.swift; path = SHOPSAGEApp.swift; sourceTree = "<group>"; };
		D52DFDA22C090FD8000E6B22 /* ContentView.swift */ = {isa = PBXFileReference; lastKnownFileType = sourcecode.swift; path = ContentView.swift; sourceTree = "<group>"; };
		D52DFDA42C090FDA000E6B22 /* Assets.xcassets */ = {isa = PBXFileReference; lastKnownFileType = folder.assetcatalog; path = Assets.xcassets; sourceTree = "<group>"; };
		D52DFDA72C090FDA000E6B22 /* Preview Assets.xcassets */ = {isa = PBXFileReference; lastKnownFileType = folder.assetcatalog; path = "Preview Assets.xcassets"; sourceTree = "<group>"; };
		D52DFDAE2C09128E000E6B22 /* Model.swift */ = {isa = PBXFileReference; lastKnownFileType = sourcecode.swift; path = Model.swift; sourceTree = "<group>"; };
		D52DFDB02C0912A3000E6B22 /* ContentViewModel.swift */ = {isa = PBXFileReference; lastKnownFileType = sourcecode.swift; path = ContentViewModel.swift; sourceTree = "<group>"; };
		D52DFDB22C0912B5000E6B22 /* Network.swift */ = {isa = PBXFileReference; lastKnownFileType = sourcecode.swift; path = Network.swift; sourceTree = "<group>"; };
		D52DFDB42C091D9A000E6B22 /* Info.plist */ = {isa = PBXFileReference; lastKnownFileType = text.plist; path = Info.plist; sourceTree = "<group>"; };
		D52DFDB62C091E0A000E6B22 /* Heavitas.ttf */ = {isa = PBXFileReference; lastKnownFileType = file; path = Heavitas.ttf; sourceTree = "<group>"; };
		D52DFDB82C09214A000E6B22 /* Gelline.otf */ = {isa = PBXFileReference; lastKnownFileType = file; path = Gelline.otf; sourceTree = "<group>"; };
		D52DFDBE2C09267C000E6B22 /* ImageSliderTabView.swift */ = {isa = PBXFileReference; lastKnownFileType = sourcecode.swift; path = ImageSliderTabView.swift; sourceTree = "<group>"; };
		D54D7C9F2C09B83600C717B3 /* ProductView.swift */ = {isa = PBXFileReference; lastKnownFileType = sourcecode.swift; path = ProductView.swift; sourceTree = "<group>"; };
		D54D7CA32C09BFA700C717B3 /* HomeView.swift */ = {isa = PBXFileReference; lastKnownFileType = sourcecode.swift; path = HomeView.swift; sourceTree = "<group>"; };
		D54D7CA52C09F08600C717B3 /* ProductVw.swift */ = {isa = PBXFileReference; lastKnownFileType = sourcecode.swift; path = ProductVw.swift; sourceTree = "<group>"; };
/* End PBXFileReference section */

/* Begin PBXFrameworksBuildPhase section */
		D52DFD9A2C090FD8000E6B22 /* Frameworks */ = {
			isa = PBXFrameworksBuildPhase;
			buildActionMask = 2147483647;
			files = (
			);
			runOnlyForDeploymentPostprocessing = 0;
		};
/* End PBXFrameworksBuildPhase section */

/* Begin PBXGroup section */
		D52DFD942C090FD8000E6B22 = {
			isa = PBXGroup;
			children = (
				D52DFD9F2C090FD8000E6B22 /* SHOPSAGE */,
				D52DFD9E2C090FD8000E6B22 /* Products */,
			);
			sourceTree = "<group>";
		};
		D52DFD9E2C090FD8000E6B22 /* Products */ = {
			isa = PBXGroup;
			children = (
				D52DFD9D2C090FD8000E6B22 /* SHOPSAGE.app */,
			);
			name = Products;
			sourceTree = "<group>";
		};
		D52DFD9F2C090FD8000E6B22 /* SHOPSAGE */ = {
			isa = PBXGroup;
			children = (
				D52DFDA02C090FD8000E6B22 /* SHOPSAGEApp.swift */,
				D52DFDA22C090FD8000E6B22 /* ContentView.swift */,
				D54D7CA32C09BFA700C717B3 /* HomeView.swift */,
				D54D7CA52C09F08600C717B3 /* ProductVw.swift */,
				D52DFDB02C0912A3000E6B22 /* ContentViewModel.swift */,
				D52DFDAE2C09128E000E6B22 /* Model.swift */,
				D52DFDB22C0912B5000E6B22 /* Network.swift */,
				D52DFDBE2C09267C000E6B22 /* ImageSliderTabView.swift */,
				D54D7C9F2C09B83600C717B3 /* ProductView.swift */,
				D52DFDB42C091D9A000E6B22 /* Info.plist */,
				D52DFDA42C090FDA000E6B22 /* Assets.xcassets */,
				D52DFDB52C091DB7000E6B22 /* font */,
				D52DFDA62C090FDA000E6B22 /* Preview Content */,
			);
			path = SHOPSAGE;
			sourceTree = "<group>";
		};
		D52DFDA62C090FDA000E6B22 /* Preview Content */ = {
			isa = PBXGroup;
			children = (
				D52DFDA72C090FDA000E6B22 /* Preview Assets.xcassets */,
			);
			path = "Preview Content";
			sourceTree = "<group>";
		};
		D52DFDB52C091DB7000E6B22 /* font */ = {
			isa = PBXGroup;
			children = (
				D52DFDB62C091E0A000E6B22 /* Heavitas.ttf */,
				D52DFDB82C09214A000E6B22 /* Gelline.otf */,
			);
			path = font;
			sourceTree = "<group>";
		};
/* End PBXGroup section */

/* Begin PBXNativeTarget section */
		D52DFD9C2C090FD8000E6B22 /* SHOPSAGE */ = {
			isa = PBXNativeTarget;
			buildConfigurationList = D52DFDAB2C090FDA000E6B22 /* Build configuration list for PBXNativeTarget "SHOPSAGE" */;
			buildPhases = (
				D52DFD992C090FD8000E6B22 /* Sources */,
				D52DFD9A2C090FD8000E6B22 /* Frameworks */,
				D52DFD9B2C090FD8000E6B22 /* Resources */,
			);
			buildRules = (
			);
			dependencies = (
			);
			name = SHOPSAGE;
			productName = SHOPSAGE;
			productReference = D52DFD9D2C090FD8000E6B22 /* SHOPSAGE.app */;
			productType = "com.apple.product-type.application";
		};
/* End PBXNativeTarget section */

/* Begin PBXProject section */
		D52DFD952C090FD8000E6B22 /* Project object */ = {
			isa = PBXProject;
			attributes = {
				BuildIndependentTargetsInParallel = 1;
				LastSwiftUpdateCheck = 1530;
				LastUpgradeCheck = 1530;
				TargetAttributes = {
					D52DFD9C2C090FD8000E6B22 = {
						CreatedOnToolsVersion = 15.3;
					};
				};
			};
			buildConfigurationList = D52DFD982C090FD8000E6B22 /* Build configuration list for PBXProject "SHOPSAGE" */;
			compatibilityVersion = "Xcode 14.0";
			developmentRegion = en;
			hasScannedForEncodings = 0;
			knownRegions = (
				en,
				Base,
			);
			mainGroup = D52DFD942C090FD8000E6B22;
			productRefGroup = D52DFD9E2C090FD8000E6B22 /* Products */;
			projectDirPath = "";
			projectRoot = "";
			targets = (
				D52DFD9C2C090FD8000E6B22 /* SHOPSAGE */,
			);
		};
/* End PBXProject section */

/* Begin PBXResourcesBuildPhase section */
		D52DFD9B2C090FD8000E6B22 /* Resources */ = {
			isa = PBXResourcesBuildPhase;
			buildActionMask = 2147483647;
			files = (
				D52DFDA82C090FDA000E6B22 /* Preview Assets.xcassets in Resources */,
				D52DFDB72C091E0A000E6B22 /* Heavitas.ttf in Resources */,
				D52DFDB92C09214A000E6B22 /* Gelline.otf in Resources */,
				D52DFDA52C090FDA000E6B22 /* Assets.xcassets in Resources */,
			);
			runOnlyForDeploymentPostprocessing = 0;
		};
/* End PBXResourcesBuildPhase section */

/* Begin PBXSourcesBuildPhase section */
		D52DFD992C090FD8000E6B22 /* Sources */ = {
			isa = PBXSourcesBuildPhase;
			buildActionMask = 2147483647;
			files = (
				D54D7CA02C09B83600C717B3 /* ProductView.swift in Sources */,
				D52DFDB32C0912B5000E6B22 /* Network.swift in Sources */,
				D52DFDB12C0912A3000E6B22 /* ContentViewModel.swift in Sources */,
				D52DFDAF2C09128E000E6B22 /* Model.swift in Sources */,
				D52DFDA32C090FD8000E6B22 /* ContentView.swift in Sources */,
				D54D7CA42C09BFA700C717B3 /* HomeView.swift in Sources */,
				D54D7CA62C09F08600C717B3 /* ProductVw.swift in Sources */,
				D52DFDBF2C09267C000E6B22 /* ImageSliderTabView.swift in Sources */,
				D52DFDA12C090FD8000E6B22 /* SHOPSAGEApp.swift in Sources */,
			);
			runOnlyForDeploymentPostprocessing = 0;
		};
/* End PBXSourcesBuildPhase section */

/* Begin XCBuildConfiguration section */
		D52DFDA92C090FDA000E6B22 /* Debug */ = {
			isa = XCBuildConfiguration;
			buildSettings = {
				ALWAYS_SEARCH_USER_PATHS = NO;
				ASSETCATALOG_COMPILER_GENERATE_SWIFT_ASSET_SYMBOL_EXTENSIONS = YES;
				CLANG_ANALYZER_NONNULL = YES;
				CLANG_ANALYZER_NUMBER_OBJECT_CONVERSION = YES_AGGRESSIVE;
				CLANG_CXX_LANGUAGE_STANDARD = "gnu++20";
				CLANG_ENABLE_MODULES = YES;
				CLANG_ENABLE_OBJC_ARC = YES;
				CLANG_ENABLE_OBJC_WEAK = YES;
				CLANG_WARN_BLOCK_CAPTURE_AUTORELEASING = YES;
				CLANG_WARN_BOOL_CONVERSION = YES;
				CLANG_WARN_COMMA = YES;
				CLANG_WARN_CONSTANT_CONVERSION = YES;
				CLANG_WARN_DEPRECATED_OBJC_IMPLEMENTATIONS = YES;
				CLANG_WARN_DIRECT_OBJC_ISA_USAGE = YES_ERROR;
				CLANG_WARN_DOCUMENTATION_COMMENTS = YES;
				CLANG_WARN_EMPTY_BODY = YES;
				CLANG_WARN_ENUM_CONVERSION = YES;
				CLANG_WARN_INFINITE_RECURSION = YES;
				CLANG_WARN_INT_CONVERSION = YES;
				CLANG_WARN_NON_LITERAL_NULL_CONVERSION = YES;
				CLANG_WARN_OBJC_IMPLICIT_RETAIN_SELF = YES;
				CLANG_WARN_OBJC_LITERAL_CONVERSION = YES;
				CLANG_WARN_OBJC_ROOT_CLASS = YES_ERROR;
				CLANG_WARN_QUOTED_INCLUDE_IN_FRAMEWORK_HEADER = YES;
				CLANG_WARN_RANGE_LOOP_ANALYSIS = YES;
				CLANG_WARN_STRICT_PROTOTYPES = YES;
				CLANG_WARN_SUSPICIOUS_MOVE = YES;
				CLANG_WARN_UNGUARDED_AVAILABILITY = YES_AGGRESSIVE;
				CLANG_WARN_UNREACHABLE_CODE = YES;
				CLANG_WARN__DUPLICATE_METHOD_MATCH = YES;
				COPY_PHASE_STRIP = NO;
				DEBUG_INFORMATION_FORMAT = dwarf;
				ENABLE_STRICT_OBJC_MSGSEND = YES;
				ENABLE_TESTABILITY = YES;
				ENABLE_USER_SCRIPT_SANDBOXING = YES;
				GCC_C_LANGUAGE_STANDARD = gnu17;
				GCC_DYNAMIC_NO_PIC = NO;
				GCC_NO_COMMON_BLOCKS = YES;
				GCC_OPTIMIZATION_LEVEL = 0;
				GCC_PREPROCESSOR_DEFINITIONS = (
					"DEBUG=1",
					"$(inherited)",
				);
				GCC_WARN_64_TO_32_BIT_CONVERSION = YES;
				GCC_WARN_ABOUT_RETURN_TYPE = YES_ERROR;
				GCC_WARN_UNDECLARED_SELECTOR = YES;
				GCC_WARN_UNINITIALIZED_AUTOS = YES_AGGRESSIVE;
				GCC_WARN_UNUSED_FUNCTION = YES;
				GCC_WARN_UNUSED_VARIABLE = YES;
				IPHONEOS_DEPLOYMENT_TARGET = 17.4;
				LOCALIZATION_PREFERS_STRING_CATALOGS = YES;
				MTL_ENABLE_DEBUG_INFO = INCLUDE_SOURCE;
				MTL_FAST_MATH = YES;
				ONLY_ACTIVE_ARCH = YES;
				SDKROOT = iphoneos;
				SWIFT_ACTIVE_COMPILATION_CONDITIONS = "DEBUG $(inherited)";
				SWIFT_OPTIMIZATION_LEVEL = "-Onone";
			};
			name = Debug;
		};
		D52DFDAA2C090FDA000E6B22 /* Release */ = {
			isa = XCBuildConfiguration;
			buildSettings = {
				ALWAYS_SEARCH_USER_PATHS = NO;
				ASSETCATALOG_COMPILER_GENERATE_SWIFT_ASSET_SYMBOL_EXTENSIONS = YES;
				CLANG_ANALYZER_NONNULL = YES;
				CLANG_ANALYZER_NUMBER_OBJECT_CONVERSION = YES_AGGRESSIVE;
				CLANG_CXX_LANGUAGE_STANDARD = "gnu++20";
				CLANG_ENABLE_MODULES = YES;
				CLANG_ENABLE_OBJC_ARC = YES;
				CLANG_ENABLE_OBJC_WEAK = YES;
				CLANG_WARN_BLOCK_CAPTURE_AUTORELEASING = YES;
				CLANG_WARN_BOOL_CONVERSION = YES;
				CLANG_WARN_COMMA = YES;
				CLANG_WARN_CONSTANT_CONVERSION = YES;
				CLANG_WARN_DEPRECATED_OBJC_IMPLEMENTATIONS = YES;
				CLANG_WARN_DIRECT_OBJC_ISA_USAGE = YES_ERROR;
				CLANG_WARN_DOCUMENTATION_COMMENTS = YES;
				CLANG_WARN_EMPTY_BODY = YES;
				CLANG_WARN_ENUM_CONVERSION = YES;
				CLANG_WARN_INFINITE_RECURSION = YES;
				CLANG_WARN_INT_CONVERSION = YES;
				CLANG_WARN_NON_LITERAL_NULL_CONVERSION = YES;
				CLANG_WARN_OBJC_IMPLICIT_RETAIN_SELF = YES;
				CLANG_WARN_OBJC_LITERAL_CONVERSION = YES;
				CLANG_WARN_OBJC_ROOT_CLASS = YES_ERROR;
				CLANG_WARN_QUOTED_INCLUDE_IN_FRAMEWORK_HEADER = YES;
				CLANG_WARN_RANGE_LOOP_ANALYSIS = YES;
				CLANG_WARN_STRICT_PROTOTYPES = YES;
				CLANG_WARN_SUSPICIOUS_MOVE = YES;
				CLANG_WARN_UNGUARDED_AVAILABILITY = YES_AGGRESSIVE;
				CLANG_WARN_UNREACHABLE_CODE = YES;
				CLANG_WARN__DUPLICATE_METHOD_MATCH = YES;
				COPY_PHASE_STRIP = NO;
				DEBUG_INFORMATION_FORMAT = "dwarf-with-dsym";
				ENABLE_NS_ASSERTIONS = NO;
				ENABLE_STRICT_OBJC_MSGSEND = YES;
				ENABLE_USER_SCRIPT_SANDBOXING = YES;
				GCC_C_LANGUAGE_STANDARD = gnu17;
				GCC_NO_COMMON_BLOCKS = YES;
				GCC_WARN_64_TO_32_BIT_CONVERSION = YES;
				GCC_WARN_ABOUT_RETURN_TYPE = YES_ERROR;
				GCC_WARN_UNDECLARED_SELECTOR = YES;
				GCC_WARN_UNINITIALIZED_AUTOS = YES_AGGRESSIVE;
				GCC_WARN_UNUSED_FUNCTION = YES;
				GCC_WARN_UNUSED_VARIABLE = YES;
				IPHONEOS_DEPLOYMENT_TARGET = 17.4;
				LOCALIZATION_PREFERS_STRING_CATALOGS = YES;
				MTL_ENABLE_DEBUG_INFO = NO;
				MTL_FAST_MATH = YES;
				SDKROOT = iphoneos;
				SWIFT_COMPILATION_MODE = wholemodule;
				VALIDATE_PRODUCT = YES;
			};
			name = Release;
		};
		D52DFDAC2C090FDA000E6B22 /* Debug */ = {
			isa = XCBuildConfiguration;
			buildSettings = {
				ASSETCATALOG_COMPILER_APPICON_NAME = AppIcon;
				ASSETCATALOG_COMPILER_GLOBAL_ACCENT_COLOR_NAME = AccentColor;
				CODE_SIGN_STYLE = Automatic;
				CURRENT_PROJECT_VERSION = 1;
				DEVELOPMENT_ASSET_PATHS = "\"SHOPSAGE/Preview Content\"";
				ENABLE_PREVIEWS = YES;
				GENERATE_INFOPLIST_FILE = YES;
				INFOPLIST_FILE = SHOPSAGE/Info.plist;
				INFOPLIST_KEY_UIApplicationSceneManifest_Generation = YES;
				INFOPLIST_KEY_UIApplicationSupportsIndirectInputEvents = YES;
				INFOPLIST_KEY_UILaunchScreen_Generation = YES;
				INFOPLIST_KEY_UISupportedInterfaceOrientations_iPad = "UIInterfaceOrientationPortrait UIInterfaceOrientationPortraitUpsideDown UIInterfaceOrientationLandscapeLeft UIInterfaceOrientationLandscapeRight";
				INFOPLIST_KEY_UISupportedInterfaceOrientations_iPhone = "UIInterfaceOrientationPortrait UIInterfaceOrientationLandscapeLeft UIInterfaceOrientationLandscapeRight";
				LD_RUNPATH_SEARCH_PATHS = (
					"$(inherited)",
					"@executable_path/Frameworks",
				);
				MARKETING_VERSION = 1.0;
				PRODUCT_BUNDLE_IDENTIFIER = com.younuzbn.SHOPSAGE;
				PRODUCT_NAME = "$(TARGET_NAME)";
				SWIFT_EMIT_LOC_STRINGS = YES;
				SWIFT_VERSION = 5.0;
				TARGETED_DEVICE_FAMILY = "1,2";
			};
			name = Debug;
		};
		D52DFDAD2C090FDA000E6B22 /* Release */ = {
			isa = XCBuildConfiguration;
			buildSettings = {
				ASSETCATALOG_COMPILER_APPICON_NAME = AppIcon;
				ASSETCATALOG_COMPILER_GLOBAL_ACCENT_COLOR_NAME = AccentColor;
				CODE_SIGN_STYLE = Automatic;
				CURRENT_PROJECT_VERSION = 1;
				DEVELOPMENT_ASSET_PATHS = "\"SHOPSAGE/Preview Content\"";
				ENABLE_PREVIEWS = YES;
				GENERATE_INFOPLIST_FILE = YES;
				INFOPLIST_FILE = SHOPSAGE/Info.plist;
				INFOPLIST_KEY_UIApplicationSceneManifest_Generation = YES;
				INFOPLIST_KEY_UIApplicationSupportsIndirectInputEvents = YES;
				INFOPLIST_KEY_UILaunchScreen_Generation = YES;
				INFOPLIST_KEY_UISupportedInterfaceOrientations_iPad = "UIInterfaceOrientationPortrait UIInterfaceOrientationPortraitUpsideDown UIInterfaceOrientationLandscapeLeft UIInterfaceOrientationLandscapeRight";
				INFOPLIST_KEY_UISupportedInterfaceOrientations_iPhone = "UIInterfaceOrientationPortrait UIInterfaceOrientationLandscapeLeft UIInterfaceOrientationLandscapeRight";
				LD_RUNPATH_SEARCH_PATHS = (
					"$(inherited)",
					"@executable_path/Frameworks",
				);
				MARKETING_VERSION = 1.0;
				PRODUCT_BUNDLE_IDENTIFIER = com.younuzbn.SHOPSAGE;
				PRODUCT_NAME = "$(TARGET_NAME)";
				SWIFT_EMIT_LOC_STRINGS = YES;
				SWIFT_VERSION = 5.0;
				TARGETED_DEVICE_FAMILY = "1,2";
			};
			name = Release;
		};
/* End XCBuildConfiguration section */

/* Begin XCConfigurationList section */
		D52DFD982C090FD8000E6B22 /* Build configuration list for PBXProject "SHOPSAGE" */ = {
			isa = XCConfigurationList;
			buildConfigurations = (
				D52DFDA92C090FDA000E6B22 /* Debug */,
				D52DFDAA2C090FDA000E6B22 /* Release */,
			);
			defaultConfigurationIsVisible = 0;
			defaultConfigurationName = Release;
		};
		D52DFDAB2C090FDA000E6B22 /* Build configuration list for PBXNativeTarget "SHOPSAGE" */ = {
			isa = XCConfigurationList;
			buildConfigurations = (
				D52DFDAC2C090FDA000E6B22 /* Debug */,
				D52DFDAD2C090FDA000E6B22 /* Release */,
			);
			defaultConfigurationIsVisible = 0;
			defaultConfigurationName = Release;
		};
/* End XCConfigurationList section */
	};
	rootObject = D52DFD952C090FD8000E6B22 /* Project object */;
}
